// !$*UTF8*$!
{
	archiveVersion = 1;
	classes = {
	};
	objectVersion = 46;
	objects = {

/* Begin PBXBuildFile section */
		10DEDDFA1DB5C1FF004177D2 /* AppDelegate.swift in Sources */ = {isa = PBXBuildFile; fileRef = 10DEDDF91DB5C1FF004177D2 /* AppDelegate.swift */; };
		10DEDDFC1DB5C1FF004177D2 /* ViewController.swift in Sources */ = {isa = PBXBuildFile; fileRef = 10DEDDFB1DB5C1FF004177D2 /* ViewController.swift */; };
		10DEDDFF1DB5C1FF004177D2 /* Main.storyboard in Resources */ = {isa = PBXBuildFile; fileRef = 10DEDDFD1DB5C1FF004177D2 /* Main.storyboard */; };
		10DEDE011DB5C1FF004177D2 /* Assets.xcassets in Resources */ = {isa = PBXBuildFile; fileRef = 10DEDE001DB5C1FF004177D2 /* Assets.xcassets */; };
		10DEDE041DB5C1FF004177D2 /* LaunchScreen.storyboard in Resources */ = {isa = PBXBuildFile; fileRef = 10DEDE021DB5C1FF004177D2 /* LaunchScreen.storyboard */; };
/* End PBXBuildFile section */

/* Begin PBXFileReference section */
		10DEDDF61DB5C1FF004177D2 /* Button2Tabbar.app */ = {isa = PBXFileReference; explicitFileType = wrapper.application; includeInIndex = 0; path = Button2Tabbar.app; sourceTree = BUILT_PRODUCTS_DIR; };
		10DEDDF91DB5C1FF004177D2 /* AppDelegate.swift */ = {isa = PBXFileReference; lastKnownFileType = sourcecode.swift; path = AppDelegate.swift; sourceTree = "<group>"; };
		10DEDDFB1DB5C1FF004177D2 /* ViewController.swift */ = {isa = PBXFileReference; lastKnownFileType = sourcecode.swift; path = ViewController.swift; sourceTree = "<group>"; };
		10DEDDFE1DB5C1FF004177D2 /* Base */ = {isa = PBXFileReference; lastKnownFileType = file.storyboard; name = Base; path = Base.lproj/Main.storyboard; sourceTree = "<group>"; };
		10DEDE001DB5C1FF004177D2 /* Assets.xcassets */ = {isa = PBXFileReference; lastKnownFileType = folder.assetcatalog; path = Assets.xcassets; sourceTree = "<group>"; };
		10DEDE031DB5C1FF004177D2 /* Base */ = {isa = PBXFileReference; lastKnownFileType = file.storyboard; name = Base; path = Base.lproj/LaunchScreen.storyboard; sourceTree = "<group>"; };
		10DEDE051DB5C1FF004177D2 /* Info.plist */ = {isa = PBXFileReference; lastKnownFileType = text.plist.xml; path = Info.plist; sourceTree = "<group>"; };
/* End PBXFileReference section */

/* Begin PBXFrameworksBuildPhase section */
		10DEDDF31DB5C1FF004177D2 /* Frameworks */ = {
			isa = PBXFrameworksBuildPhase;
			buildActionMask = 2147483647;
			files = (
			);
			runOnlyForDeploymentPostprocessing = 0;
		};
/* End PBXFrameworksBuildPhase section */

/* Begin PBXGroup section */
		10DEDDED1DB5C1FF004177D2 = {
			isa = PBXGroup;
			children = (
				10DEDDF81DB5C1FF004177D2 /* Button2Tabbar */,
				10DEDDF71DB5C1FF004177D2 /* Products */,
			);
			sourceTree = "<group>";
		};
		10DEDDF71DB5C1FF004177D2 /* Products */ = {
			isa = PBXGroup;
			children = (
				10DEDDF61DB5C1FF004177D2 /* Button2Tabbar.app */,
			);
			name = Products;
			sourceTree = "<group>";
		};
		10DEDDF81DB5C1FF004177D2 /* Button2Tabbar */ = {
			isa = PBXGroup;
			children = (
				10DEDDF91DB5C1FF004177D2 /* AppDelegate.swift */,
				10DEDDFB1DB5C1FF004177D2 /* ViewController.swift */,
				10DEDDFD1DB5C1FF004177D2 /* Main.storyboard */,
				10DEDE001DB5C1FF004177D2 /* Assets.xcassets */,
				10DEDE021DB5C1FF004177D2 /* LaunchScreen.storyboard */,
				10DEDE051DB5C1FF004177D2 /* Info.plist */,
			);
			path = Button2Tabbar;
			sourceTree = "<group>";
		};
/* End PBXGroup section */

/* Begin PBXNativeTarget section */
		10DEDDF51DB5C1FF004177D2 /* Button2Tabbar */ = {
			isa = PBXNativeTarget;
			buildConfigurationList = 10DEDE081DB5C1FF004177D2 /* Build configuration list for PBXNativeTarget "Button2Tabbar" */;
			buildPhases = (
				10DEDDF21DB5C1FF004177D2 /* Sources */,
				10DEDDF31DB5C1FF004177D2 /* Frameworks */,
				10DEDDF41DB5C1FF004177D2 /* Resources */,
			);
			buildRules = (
			);
			dependencies = (
			);
			name = Button2Tabbar;
			productName = Button2Tabbar;
			productReference = 10DEDDF61DB5C1FF004177D2 /* Button2Tabbar.app */;
			productType = "com.apple.product-type.application";
		};
/* End PBXNativeTarget section */

/* Begin PBXProject section */
		10DEDDEE1DB5C1FF004177D2 /* Project object */ = {
			isa = PBXProject;
			attributes = {
				LastSwiftUpdateCheck = 0800;
				LastUpgradeCheck = 0800;
				ORGANIZATIONNAME = frankie;
				TargetAttributes = {
					10DEDDF51DB5C1FF004177D2 = {
						CreatedOnToolsVersion = 8.0;
						DevelopmentTeam = P5MY4MTD6H;
						ProvisioningStyle = Automatic;
					};
				};
			};
			buildConfigurationList = 10DEDDF11DB5C1FF004177D2 /* Build configuration list for PBXProject "Button2Tabbar" */;
			compatibilityVersion = "Xcode 3.2";
			developmentRegion = English;
			hasScannedForEncodings = 0;
			knownRegions = (
				en,
				Base,
			);
			mainGroup = 10DEDDED1DB5C1FF004177D2;
			productRefGroup = 10DEDDF71DB5C1FF004177D2 /* Products */;
			projectDirPath = "";
			projectRoot = "";
			targets = (
				10DEDDF51DB5C1FF004177D2 /* Button2Tabbar */,
			);
		};
/* End PBXProject section */

/* Begin PBXResourcesBuildPhase section */
		10DEDDF41DB5C1FF004177D2 /* Resources */ = {
			isa = PBXResourcesBuildPhase;
			buildActionMask = 2147483647;
			files = (
				10DEDE041DB5C1FF004177D2 /* LaunchScreen.storyboard in Resources */,
				10DEDE011DB5C1FF004177D2 /* Assets.xcassets in Resources */,
				10DEDDFF1DB5C1FF004177D2 /* Main.storyboard in Resources */,
			);
			runOnlyForDeploymentPostprocessing = 0;
		};
/* End PBXResourcesBuildPhase section */

/* Begin PBXSourcesBuildPhase section */
		10DEDDF21DB5C1FF004177D2 /* Sources */ = {
			isa = PBXSourcesBuildPhase;
			buildActionMask = 2147483647;
			files = (
				10DEDDFC1DB5C1FF004177D2 /* ViewController.swift in Sources */,
				10DEDDFA1DB5C1FF004177D2 /* AppDelegate.swift in Sources */,
			);
			runOnlyForDeploymentPostprocessing = 0;
		};
/* End PBXSourcesBuildPhase section */

/* Begin PBXVariantGroup section */
		10DEDDFD1DB5C1FF004177D2 /* Main.storyboard */ = {
			isa = PBXVariantGroup;
			children = (
				10DEDDFE1DB5C1FF004177D2 /* Base */,
			);
			name = Main.storyboard;
			sourceTree = "<group>";
		};
		10DEDE021DB5C1FF004177D2 /* LaunchScreen.storyboard */ = {
			isa = PBXVariantGroup;
			children = (
				10DEDE031DB5C1FF004177D2 /* Base */,
			);
			name = LaunchScreen.storyboard;
			sourceTree = "<group>";
		};
/* End PBXVariantGroup section */

/* Begin XCBuildConfiguration section */
		10DEDE061DB5C1FF004177D2 /* Debug */ = {
			isa = XCBuildConfiguration;
			buildSettings = {
				ALWAYS_SEARCH_USER_PATHS = NO;
				CLANG_ANALYZER_NONNULL = YES;
				CLANG_CXX_LANGUAGE_STANDARD = "gnu++0x";
				CLANG_CXX_LIBRARY = "libc++";
				CLANG_ENABLE_MODULES = YES;
				CLANG_ENABLE_OBJC_ARC = YES;
				CLANG_WARN_BOOL_CONVERSION = YES;
				CLANG_WARN_CONSTANT_CONVERSION = YES;
				CLANG_WARN_DIRECT_OBJC_ISA_USAGE = YES_ERROR;
				CLANG_WARN_DOCUMENTATION_COMMENTS = YES;
				CLANG_WARN_EMPTY_BODY = YES;
				CLANG_WARN_ENUM_CONVERSION = YES;
				CLANG_WARN_INFINITE_RECURSION = YES;
				CLANG_WARN_INT_CONVERSION = YES;
				CLANG_WARN_OBJC_ROOT_CLASS = YES_ERROR;
				CLANG_WARN_SUSPICIOUS_MOVES = YES;
				CLANG_WARN_UNREACHABLE_CODE = YES;
				CLANG_WARN__DUPLICATE_METHOD_MATCH = YES;
				"CODE_SIGN_IDENTITY[sdk=iphoneos*]" = "iPhone Developer";
				COPY_PHASE_STRIP = NO;
				DEBUG_INFORMATION_FORMAT = dwarf;
				ENABLE_STRICT_OBJC_MSGSEND = YES;
				ENABLE_TESTABILITY = YES;
				GCC_C_LANGUAGE_STANDARD = gnu99;
				GCC_DYNAMIC_NO_PIC = NO;
				GCC_NO_COMMON_BLOCKS = YES;
				GCC_OPTIMIZATION_LEVEL = 0;
				GCC_PREPROCESSOR_DEFINITIONS = (
					"DEBUG=1",
					"$(inherited)",
				);
				GCC_WARN_64_TO_32_BIT_CONVERSION = YES;
				GCC_WARN_ABOUT_RETURN_TYPE = YES_ERROR;
				GCC_WARN_UNDECLARED_SELECTOR = YES;
				GCC_WARN_UNINITIALIZED_AUTOS = YES_AGGRESSIVE;
				GCC_WARN_UNUSED_FUNCTION = YES;
				GCC_WARN_UNUSED_VARIABLE = YES;
				IPHONEOS_DEPLOYMENT_TARGET = 10.0;
				MTL_ENABLE_DEBUG_INFO = YES;
				ONLY_ACTIVE_ARCH = YES;
				SDKROOT = iphoneos;
				SWIFT_ACTIVE_COMPILATION_CONDITIONS = DEBUG;
				SWIFT_OPTIMIZATION_LEVEL = "-Onone";
				TARGETED_DEVICE_FAMILY = "1,2";
			};
			name = Debug;
		};
		10DEDE071DB5C1FF004177D2 /* Release */ = {
			isa = XCBuildConfiguration;
			buildSettings = {
				ALWAYS_SEARCH_USER_PATHS = NO;
				CLANG_ANALYZER_NONNULL = YES;
				CLANG_CXX_LANGUAGE_STANDARD = "gnu++0x";
				CLANG_CXX_LIBRARY = "libc++";
				CLANG_ENABLE_MODULES = YES;
				CLANG_ENABLE_OBJC_ARC = YES;
				CLANG_WARN_BOOL_CONVERSION = YES;
				CLANG_WARN_CONSTANT_CONVERSION = YES;
				CLANG_WARN_DIRECT_OBJC_ISA_USAGE = YES_ERROR;
				CLANG_WARN_DOCUMENTATION_COMMENTS = YES;
				CLANG_WARN_EMPTY_BODY = YES;
				CLANG_WARN_ENUM_CONVERSION = YES;
				CLANG_WARN_INFINITE_RECURSION = YES;
				CLANG_WARN_INT_CONVERSION = YES;
				CLANG_WARN_OBJC_ROOT_CLASS = YES_ERROR;
				CLANG_WARN_SUSPICIOUS_MOVES = YES;
				CLANG_WARN_UNREACHABLE_CODE = YES;
				CLANG_WARN__DUPLICATE_METHOD_MATCH = YES;
				"CODE_SIGN_IDENTITY[sdk=iphoneos*]" = "iPhone Developer";
				COPY_PHASE_STRIP = NO;
				DEBUG_INFORMATION_FORMAT = "dwarf-with-dsym";
				ENABLE_NS_ASSERTIONS = NO;
				ENABLE_STRICT_OBJC_MSGSEND = YES;
				GCC_C_LANGUAGE_STANDARD = gnu99;
				GCC_NO_COMMON_BLOCKS = YES;
				GCC_WARN_64_TO_32_BIT_CONVERSION = YES;
				GCC_WARN_ABOUT_RETURN_TYPE = YES_ERROR;
				GCC_WARN_UNDECLARED_SELECTOR = YES;
				GCC_WARN_UNINITIALIZED_AUTOS = YES_AGGRESSIVE;
				GCC_WARN_UNUSED_FUNCTION = YES;
				GCC_WARN_UNUSED_VARIABLE = YES;
				IPHONEOS_DEPLOYMENT_TARGET = 10.0;
				MTL_ENABLE_DEBUG_INFO = NO;
				SDKROOT = iphoneos;
				SWIFT_OPTIMIZATION_LEVEL = "-Owholemodule";
				TARGETED_DEVICE_FAMILY = "1,2";
				VALIDATE_PRODUCT = YES;
			};
			name = Release;
		};
		10DEDE091DB5C1FF004177D2 /* Debug */ = {
			isa = XCBuildConfiguration;
			buildSettings = {
				ASSETCATALOG_COMPILER_APPICON_NAME = AppIcon;
				DEVELOPMENT_TEAM = P5MY4MTD6H;
				INFOPLIST_FILE = Button2Tabbar/Info.plist;
				LD_RUNPATH_SEARCH_PATHS = "$(inherited) @executable_path/Frameworks";
				PRODUCT_BUNDLE_IDENTIFIER = me.Button2Tabbar;
				PRODUCT_NAME = "$(TARGET_NAME)";
				SWIFT_VERSION = 3.0;
			};
			name = Debug;
		};
		10DEDE0A1DB5C1FF004177D2 /* Release */ = {
			isa = XCBuildConfiguration;
			buildSettings = {
				ASSETCATALOG_COMPILER_APPICON_NAME = AppIcon;
				DEVELOPMENT_TEAM = P5MY4MTD6H;
				INFOPLIST_FILE = Button2Tabbar/Info.plist;
				LD_RUNPATH_SEARCH_PATHS = "$(inherited) @executable_path/Frameworks";
				PRODUCT_BUNDLE_IDENTIFIER = me.Button2Tabbar;
				PRODUCT_NAME = "$(TARGET_NAME)";
				SWIFT_VERSION = 3.0;
			};
			name = Release;
		};
/* End XCBuildConfiguration section */

/* Begin XCConfigurationList section */
		10DEDDF11DB5C1FF004177D2 /* Build configuration list for PBXProject "Button2Tabbar" */ = {
			isa = XCConfigurationList;
			buildConfigurations = (
				10DEDE061DB5C1FF004177D2 /* Debug */,
				10DEDE071DB5C1FF004177D2 /* Release */,
			);
			defaultConfigurationIsVisible = 0;
			defaultConfigurationName = Release;
		};
		10DEDE081DB5C1FF004177D2 /* Build configuration list for PBXNativeTarget "Button2Tabbar" */ = {
			isa = XCConfigurationList;
			buildConfigurations = (
				10DEDE091DB5C1FF004177D2 /* Debug */,
				10DEDE0A1DB5C1FF004177D2 /* Release */,
			);
			defaultConfigurationIsVisible = 0;
		};
/* End XCConfigurationList section */
	};
	rootObject = 10DEDDEE1DB5C1FF004177D2 /* Project object */;
}
